{
  "pins" : [
    {
      "identity" : "libtkey-pkg",
      "kind" : "remoteSourceControl",
      "location" : "https://github.com/torusresearch/libtkey-pkg/",
      "state" : {
        "branch" : "master",
        "revision" : "7c186ad0033f01d6d8874d19e4d187826d7875be"
      }
    }
  ],
  "version" : 2
}
