// !$*UTF8*$!
{
	archiveVersion = 1;
	classes = {
	};
	objectVersion = 55;
	objects = {

/* Begin PBXBuildFile section */
		B30147F5294827AA002E0FD1 /* libtkey.xcframework in Frameworks */ = {isa = PBXBuildFile; fileRef = B30147F4294827AA002E0FD1 /* libtkey.xcframework */; };
		B30147F6294827B9002E0FD1 /* libtkey.xcframework in Frameworks */ = {isa = PBXBuildFile; fileRef = B30147F4294827AA002E0FD1 /* libtkey.xcframework */; };
		B30147F7294827C0002E0FD1 /* libtkey.xcframework in Frameworks */ = {isa = PBXBuildFile; fileRef = B30147F4294827AA002E0FD1 /* libtkey.xcframework */; };
		B30147F8294827C7002E0FD1 /* libtkey.xcframework in Frameworks */ = {isa = PBXBuildFile; fileRef = B30147F4294827AA002E0FD1 /* libtkey.xcframework */; };
		B30147FA29487CF5002E0FD1 /* ShareStorePolyIdIndexMap.swift in Sources */ = {isa = PBXBuildFile; fileRef = B30147F929487CF5002E0FD1 /* ShareStorePolyIdIndexMap.swift */; };
		B30147FB29487CF5002E0FD1 /* ShareStorePolyIdIndexMap.swift in Sources */ = {isa = PBXBuildFile; fileRef = B30147F929487CF5002E0FD1 /* ShareStorePolyIdIndexMap.swift */; };
		B30147FC29487CF5002E0FD1 /* ShareStorePolyIdIndexMap.swift in Sources */ = {isa = PBXBuildFile; fileRef = B30147F929487CF5002E0FD1 /* ShareStorePolyIdIndexMap.swift */; };
		B306A81929110FD100B3C8E6 /* PrivateKey.swift in Sources */ = {isa = PBXBuildFile; fileRef = B306A81829110FD100B3C8E6 /* PrivateKey.swift */; };
		B306A81B2911174400B3C8E6 /* KeyPoint.swift in Sources */ = {isa = PBXBuildFile; fileRef = B306A81A2911174400B3C8E6 /* KeyPoint.swift */; };
		B306A81C2911174400B3C8E6 /* KeyPoint.swift in Sources */ = {isa = PBXBuildFile; fileRef = B306A81A2911174400B3C8E6 /* KeyPoint.swift */; };
		B306A81D2911174400B3C8E6 /* KeyPoint.swift in Sources */ = {isa = PBXBuildFile; fileRef = B306A81A2911174400B3C8E6 /* KeyPoint.swift */; };
		B30B6B2928BCC8AC00812C1E /* Tests_iOS.swift in Sources */ = {isa = PBXBuildFile; fileRef = B30B6B2828BCC8AC00812C1E /* Tests_iOS.swift */; };
		B30B6B2B28BCC8AC00812C1E /* Tests_iOSLaunchTests.swift in Sources */ = {isa = PBXBuildFile; fileRef = B30B6B2A28BCC8AC00812C1E /* Tests_iOSLaunchTests.swift */; };
		B30B6B3528BCC8AC00812C1E /* Tests_macOS.swift in Sources */ = {isa = PBXBuildFile; fileRef = B30B6B3428BCC8AC00812C1E /* Tests_macOS.swift */; };
		B30B6B3728BCC8AC00812C1E /* Tests_macOSLaunchTests.swift in Sources */ = {isa = PBXBuildFile; fileRef = B30B6B3628BCC8AC00812C1E /* Tests_macOSLaunchTests.swift */; };
		B30B6B3828BCC8AC00812C1E /* tkey_iosApp.swift in Sources */ = {isa = PBXBuildFile; fileRef = B30B6B1028BCC8A900812C1E /* tkey_iosApp.swift */; };
		B30B6B3928BCC8AC00812C1E /* tkey_iosApp.swift in Sources */ = {isa = PBXBuildFile; fileRef = B30B6B1028BCC8A900812C1E /* tkey_iosApp.swift */; };
		B30B6B3A28BCC8AC00812C1E /* ContentView.swift in Sources */ = {isa = PBXBuildFile; fileRef = B30B6B1128BCC8A900812C1E /* ContentView.swift */; };
		B30B6B3B28BCC8AC00812C1E /* ContentView.swift in Sources */ = {isa = PBXBuildFile; fileRef = B30B6B1128BCC8A900812C1E /* ContentView.swift */; };
		B30B6B3C28BCC8AC00812C1E /* Assets.xcassets in Resources */ = {isa = PBXBuildFile; fileRef = B30B6B1228BCC8AC00812C1E /* Assets.xcassets */; };
		B30B6B3D28BCC8AC00812C1E /* Assets.xcassets in Resources */ = {isa = PBXBuildFile; fileRef = B30B6B1228BCC8AC00812C1E /* Assets.xcassets */; };
		B327F595293F411800BDB20A /* Metadata.swift in Sources */ = {isa = PBXBuildFile; fileRef = B327F594293F411800BDB20A /* Metadata.swift */; };
		B327F596293F411800BDB20A /* Metadata.swift in Sources */ = {isa = PBXBuildFile; fileRef = B327F594293F411800BDB20A /* Metadata.swift */; };
		B327F597293F411800BDB20A /* Metadata.swift in Sources */ = {isa = PBXBuildFile; fileRef = B327F594293F411800BDB20A /* Metadata.swift */; };
		B3878A042922666300902894 /* ShareStoreMap.swift in Sources */ = {isa = PBXBuildFile; fileRef = B3878A032922666300902894 /* ShareStoreMap.swift */; };
		B3878A052922666300902894 /* ShareStoreMap.swift in Sources */ = {isa = PBXBuildFile; fileRef = B3878A032922666300902894 /* ShareStoreMap.swift */; };
		B3878A062922666300902894 /* ShareStoreMap.swift in Sources */ = {isa = PBXBuildFile; fileRef = B3878A032922666300902894 /* ShareStoreMap.swift */; };
		B3878A08292266D100902894 /* GenerateShareStoreResult.swift in Sources */ = {isa = PBXBuildFile; fileRef = B3878A07292266D100902894 /* GenerateShareStoreResult.swift */; };
		B3878A09292266D100902894 /* GenerateShareStoreResult.swift in Sources */ = {isa = PBXBuildFile; fileRef = B3878A07292266D100902894 /* GenerateShareStoreResult.swift */; };
		B3878A0A292266D100902894 /* GenerateShareStoreResult.swift in Sources */ = {isa = PBXBuildFile; fileRef = B3878A07292266D100902894 /* GenerateShareStoreResult.swift */; };
		B3878A0C2922696D00902894 /* SecurityQuestionModule.swift in Sources */ = {isa = PBXBuildFile; fileRef = B3878A0B2922696D00902894 /* SecurityQuestionModule.swift */; };
		B3878A0D2922696D00902894 /* SecurityQuestionModule.swift in Sources */ = {isa = PBXBuildFile; fileRef = B3878A0B2922696D00902894 /* SecurityQuestionModule.swift */; };
		B3878A0E2922696D00902894 /* SecurityQuestionModule.swift in Sources */ = {isa = PBXBuildFile; fileRef = B3878A0B2922696D00902894 /* SecurityQuestionModule.swift */; };
		B3878A1029226E1600902894 /* ShareTransferModule.swift in Sources */ = {isa = PBXBuildFile; fileRef = B3878A0F29226E1600902894 /* ShareTransferModule.swift */; };
		B3878A1129226E1600902894 /* ShareTransferModule.swift in Sources */ = {isa = PBXBuildFile; fileRef = B3878A0F29226E1600902894 /* ShareTransferModule.swift */; };
		B3878A1229226E1600902894 /* ShareTransferModule.swift in Sources */ = {isa = PBXBuildFile; fileRef = B3878A0F29226E1600902894 /* ShareTransferModule.swift */; };
		B3878A14292277B200902894 /* ShareTransferStore.swift in Sources */ = {isa = PBXBuildFile; fileRef = B3878A13292277B200902894 /* ShareTransferStore.swift */; };
		B3878A15292277B200902894 /* ShareTransferStore.swift in Sources */ = {isa = PBXBuildFile; fileRef = B3878A13292277B200902894 /* ShareTransferStore.swift */; };
		B3878A16292277B200902894 /* ShareTransferStore.swift in Sources */ = {isa = PBXBuildFile; fileRef = B3878A13292277B200902894 /* ShareTransferStore.swift */; };
		B3878A18292837DB00902894 /* PrivateKeysModule.swift in Sources */ = {isa = PBXBuildFile; fileRef = B3878A17292837DB00902894 /* PrivateKeysModule.swift */; };
		B3878A19292837DB00902894 /* PrivateKeysModule.swift in Sources */ = {isa = PBXBuildFile; fileRef = B3878A17292837DB00902894 /* PrivateKeysModule.swift */; };
		B3878A1A292837DB00902894 /* PrivateKeysModule.swift in Sources */ = {isa = PBXBuildFile; fileRef = B3878A17292837DB00902894 /* PrivateKeysModule.swift */; };
		B3878A20292955F800902894 /* SeedPhraseModule.swift in Sources */ = {isa = PBXBuildFile; fileRef = B3878A1F292955F800902894 /* SeedPhraseModule.swift */; };
		B3878A21292955F800902894 /* SeedPhraseModule.swift in Sources */ = {isa = PBXBuildFile; fileRef = B3878A1F292955F800902894 /* SeedPhraseModule.swift */; };
		B3878A22292955F800902894 /* SeedPhraseModule.swift in Sources */ = {isa = PBXBuildFile; fileRef = B3878A1F292955F800902894 /* SeedPhraseModule.swift */; };
		B3878A24292F456300902894 /* Version.swift in Sources */ = {isa = PBXBuildFile; fileRef = B3878A23292F456300902894 /* Version.swift */; };
		B3878A25292F456300902894 /* Version.swift in Sources */ = {isa = PBXBuildFile; fileRef = B3878A23292F456300902894 /* Version.swift */; };
		B3878A26292F456300902894 /* Version.swift in Sources */ = {isa = PBXBuildFile; fileRef = B3878A23292F456300902894 /* Version.swift */; };
		B3A2ABC9290B8D320009C688 /* ShareStore.swift in Sources */ = {isa = PBXBuildFile; fileRef = B3F0175529085FF3005F577B /* ShareStore.swift */; };
		B3A2ABCA290B8D320009C688 /* ServiceProvider.swift in Sources */ = {isa = PBXBuildFile; fileRef = B3F017582908600F005F577B /* ServiceProvider.swift */; };
		B3A2ABCB290B8D320009C688 /* StorageLayer.swift in Sources */ = {isa = PBXBuildFile; fileRef = B3F0175B2908602F005F577B /* StorageLayer.swift */; };
		B3A2ABCC290B8D320009C688 /* ThresholdKey.swift in Sources */ = {isa = PBXBuildFile; fileRef = B3F0175E29086053005F577B /* ThresholdKey.swift */; };
		B3A2ABCD290B8D320009C688 /* KeyDetails.swift in Sources */ = {isa = PBXBuildFile; fileRef = B3F017612908606B005F577B /* KeyDetails.swift */; };
		B3A2ABCE290B8D320009C688 /* KeyReconstructionDetails.swift in Sources */ = {isa = PBXBuildFile; fileRef = B3F0176429086079005F577B /* KeyReconstructionDetails.swift */; };
		B3A2ABCF290B8D320009C688 /* RuntimeError.swift in Sources */ = {isa = PBXBuildFile; fileRef = B3F0176729086392005F577B /* RuntimeError.swift */; };
		B3F0175629085FF3005F577B /* ShareStore.swift in Sources */ = {isa = PBXBuildFile; fileRef = B3F0175529085FF3005F577B /* ShareStore.swift */; };
		B3F0175729085FF3005F577B /* ShareStore.swift in Sources */ = {isa = PBXBuildFile; fileRef = B3F0175529085FF3005F577B /* ShareStore.swift */; };
		B3F017592908600F005F577B /* ServiceProvider.swift in Sources */ = {isa = PBXBuildFile; fileRef = B3F017582908600F005F577B /* ServiceProvider.swift */; };
		B3F0175A2908600F005F577B /* ServiceProvider.swift in Sources */ = {isa = PBXBuildFile; fileRef = B3F017582908600F005F577B /* ServiceProvider.swift */; };
		B3F0175C2908602F005F577B /* StorageLayer.swift in Sources */ = {isa = PBXBuildFile; fileRef = B3F0175B2908602F005F577B /* StorageLayer.swift */; };
		B3F0175D2908602F005F577B /* StorageLayer.swift in Sources */ = {isa = PBXBuildFile; fileRef = B3F0175B2908602F005F577B /* StorageLayer.swift */; };
		B3F0175F29086053005F577B /* ThresholdKey.swift in Sources */ = {isa = PBXBuildFile; fileRef = B3F0175E29086053005F577B /* ThresholdKey.swift */; };
		B3F0176029086053005F577B /* ThresholdKey.swift in Sources */ = {isa = PBXBuildFile; fileRef = B3F0175E29086053005F577B /* ThresholdKey.swift */; };
		B3F017622908606B005F577B /* KeyDetails.swift in Sources */ = {isa = PBXBuildFile; fileRef = B3F017612908606B005F577B /* KeyDetails.swift */; };
		B3F017632908606B005F577B /* KeyDetails.swift in Sources */ = {isa = PBXBuildFile; fileRef = B3F017612908606B005F577B /* KeyDetails.swift */; };
		B3F0176529086079005F577B /* KeyReconstructionDetails.swift in Sources */ = {isa = PBXBuildFile; fileRef = B3F0176429086079005F577B /* KeyReconstructionDetails.swift */; };
		B3F0176629086079005F577B /* KeyReconstructionDetails.swift in Sources */ = {isa = PBXBuildFile; fileRef = B3F0176429086079005F577B /* KeyReconstructionDetails.swift */; };
		B3F0176829086392005F577B /* RuntimeError.swift in Sources */ = {isa = PBXBuildFile; fileRef = B3F0176729086392005F577B /* RuntimeError.swift */; };
		B3F0176929086392005F577B /* RuntimeError.swift in Sources */ = {isa = PBXBuildFile; fileRef = B3F0176729086392005F577B /* RuntimeError.swift */; };
		F012ACBD29481E0B0037463E /* KeyChain.swift in Sources */ = {isa = PBXBuildFile; fileRef = F012ACBC29481E0B0037463E /* KeyChain.swift */; };
		F012ACBE29481E0B0037463E /* KeyChain.swift in Sources */ = {isa = PBXBuildFile; fileRef = F012ACBC29481E0B0037463E /* KeyChain.swift */; };
		F012ACBF29481E0B0037463E /* KeyChain.swift in Sources */ = {isa = PBXBuildFile; fileRef = F012ACBC29481E0B0037463E /* KeyChain.swift */; };
		F012ACC12949D3710037463E /* Tests_ThresholdKey_General.swift in Sources */ = {isa = PBXBuildFile; fileRef = F012ACC02949D3710037463E /* Tests_ThresholdKey_General.swift */; };
		F02C197D2934AFA800717AB4 /* PrivateKey.swift in Sources */ = {isa = PBXBuildFile; fileRef = B306A81829110FD100B3C8E6 /* PrivateKey.swift */; };
		F0C81740296410E900F970EC /* Tests_ShareTransferModule.swift in Sources */ = {isa = PBXBuildFile; fileRef = F0C8173F296410E900F970EC /* Tests_ShareTransferModule.swift */; };
		F0C81742296419C000F970EC /* Tests_SecurityQuestionModule.swift in Sources */ = {isa = PBXBuildFile; fileRef = F0C81741296419C000F970EC /* Tests_SecurityQuestionModule.swift */; };
		F0C81744296419F800F970EC /* Tests_PrivateKeyModule.swift in Sources */ = {isa = PBXBuildFile; fileRef = F0C81743296419F800F970EC /* Tests_PrivateKeyModule.swift */; };
		F0C8174629641A0700F970EC /* Tests_SeedPhraseModule.swift in Sources */ = {isa = PBXBuildFile; fileRef = F0C8174529641A0700F970EC /* Tests_SeedPhraseModule.swift */; };
		F0C8175029641C1200F970EC /* Tests_Metadata.swift in Sources */ = {isa = PBXBuildFile; fileRef = F0C8174F29641C1200F970EC /* Tests_Metadata.swift */; };
		F0C81753296420DF00F970EC /* PrivateKey.swift in Sources */ = {isa = PBXBuildFile; fileRef = B306A81829110FD100B3C8E6 /* PrivateKey.swift */; };
/* End PBXBuildFile section */

/* Begin PBXContainerItemProxy section */
		B30B6B3128BCC8AC00812C1E /* PBXContainerItemProxy */ = {
			isa = PBXContainerItemProxy;
			containerPortal = B30B6B0B28BCC8A900812C1E /* Project object */;
			proxyType = 1;
			remoteGlobalIDString = B30B6B1C28BCC8AC00812C1E;
			remoteInfo = "tkey_ios (macOS)";
		};
		F02F3402292DC5C400DA9939 /* PBXContainerItemProxy */ = {
			isa = PBXContainerItemProxy;
			containerPortal = B30B6B0B28BCC8A900812C1E /* Project object */;
			proxyType = 1;
			remoteGlobalIDString = B30B6B1628BCC8AC00812C1E;
			remoteInfo = "tkey_ios (iOS)";
		};
/* End PBXContainerItemProxy section */

/* Begin PBXFileReference section */
		B30147F4294827AA002E0FD1 /* libtkey.xcframework */ = {isa = PBXFileReference; lastKnownFileType = wrapper.xcframework; name = libtkey.xcframework; path = "native-lib/libtkey.xcframework"; sourceTree = "<group>"; };
		B30147F929487CF5002E0FD1 /* ShareStorePolyIdIndexMap.swift */ = {isa = PBXFileReference; lastKnownFileType = sourcecode.swift; path = ShareStorePolyIdIndexMap.swift; sourceTree = "<group>"; };
		B306A81829110FD100B3C8E6 /* PrivateKey.swift */ = {isa = PBXFileReference; lastKnownFileType = sourcecode.swift; path = PrivateKey.swift; sourceTree = "<group>"; };
		B306A81A2911174400B3C8E6 /* KeyPoint.swift */ = {isa = PBXFileReference; lastKnownFileType = sourcecode.swift; path = KeyPoint.swift; sourceTree = "<group>"; };
		B30B6B1028BCC8A900812C1E /* tkey_iosApp.swift */ = {isa = PBXFileReference; lastKnownFileType = sourcecode.swift; path = tkey_iosApp.swift; sourceTree = "<group>"; };
		B30B6B1128BCC8A900812C1E /* ContentView.swift */ = {isa = PBXFileReference; lastKnownFileType = sourcecode.swift; path = ContentView.swift; sourceTree = "<group>"; };
		B30B6B1228BCC8AC00812C1E /* Assets.xcassets */ = {isa = PBXFileReference; lastKnownFileType = folder.assetcatalog; path = Assets.xcassets; sourceTree = "<group>"; };
		B30B6B1728BCC8AC00812C1E /* tkey_ios.app */ = {isa = PBXFileReference; explicitFileType = wrapper.application; includeInIndex = 0; path = tkey_ios.app; sourceTree = BUILT_PRODUCTS_DIR; };
		B30B6B1D28BCC8AC00812C1E /* tkey_ios.app */ = {isa = PBXFileReference; explicitFileType = wrapper.application; includeInIndex = 0; path = tkey_ios.app; sourceTree = BUILT_PRODUCTS_DIR; };
		B30B6B1F28BCC8AC00812C1E /* macOS.entitlements */ = {isa = PBXFileReference; lastKnownFileType = text.plist.entitlements; path = macOS.entitlements; sourceTree = "<group>"; };
		B30B6B2428BCC8AC00812C1E /* Tests iOS.xctest */ = {isa = PBXFileReference; explicitFileType = wrapper.cfbundle; includeInIndex = 0; path = "Tests iOS.xctest"; sourceTree = BUILT_PRODUCTS_DIR; };
		B30B6B2828BCC8AC00812C1E /* Tests_iOS.swift */ = {isa = PBXFileReference; lastKnownFileType = sourcecode.swift; path = Tests_iOS.swift; sourceTree = "<group>"; };
		B30B6B2A28BCC8AC00812C1E /* Tests_iOSLaunchTests.swift */ = {isa = PBXFileReference; lastKnownFileType = sourcecode.swift; path = Tests_iOSLaunchTests.swift; sourceTree = "<group>"; };
		B30B6B3028BCC8AC00812C1E /* Tests macOS.xctest */ = {isa = PBXFileReference; explicitFileType = wrapper.cfbundle; includeInIndex = 0; path = "Tests macOS.xctest"; sourceTree = BUILT_PRODUCTS_DIR; };
		B30B6B3428BCC8AC00812C1E /* Tests_macOS.swift */ = {isa = PBXFileReference; lastKnownFileType = sourcecode.swift; path = Tests_macOS.swift; sourceTree = "<group>"; };
		B30B6B3628BCC8AC00812C1E /* Tests_macOSLaunchTests.swift */ = {isa = PBXFileReference; lastKnownFileType = sourcecode.swift; path = Tests_macOSLaunchTests.swift; sourceTree = "<group>"; };
		B327F594293F411800BDB20A /* Metadata.swift */ = {isa = PBXFileReference; lastKnownFileType = sourcecode.swift; path = Metadata.swift; sourceTree = "<group>"; };
		B3878A032922666300902894 /* ShareStoreMap.swift */ = {isa = PBXFileReference; lastKnownFileType = sourcecode.swift; path = ShareStoreMap.swift; sourceTree = "<group>"; };
		B3878A07292266D100902894 /* GenerateShareStoreResult.swift */ = {isa = PBXFileReference; lastKnownFileType = sourcecode.swift; path = GenerateShareStoreResult.swift; sourceTree = "<group>"; };
		B3878A0B2922696D00902894 /* SecurityQuestionModule.swift */ = {isa = PBXFileReference; lastKnownFileType = sourcecode.swift; path = SecurityQuestionModule.swift; sourceTree = "<group>"; };
		B3878A0F29226E1600902894 /* ShareTransferModule.swift */ = {isa = PBXFileReference; lastKnownFileType = sourcecode.swift; path = ShareTransferModule.swift; sourceTree = "<group>"; };
		B3878A13292277B200902894 /* ShareTransferStore.swift */ = {isa = PBXFileReference; lastKnownFileType = sourcecode.swift; path = ShareTransferStore.swift; sourceTree = "<group>"; };
		B3878A17292837DB00902894 /* PrivateKeysModule.swift */ = {isa = PBXFileReference; lastKnownFileType = sourcecode.swift; path = PrivateKeysModule.swift; sourceTree = "<group>"; };
		B3878A1F292955F800902894 /* SeedPhraseModule.swift */ = {isa = PBXFileReference; lastKnownFileType = sourcecode.swift; path = SeedPhraseModule.swift; sourceTree = "<group>"; };
		B3878A23292F456300902894 /* Version.swift */ = {isa = PBXFileReference; fileEncoding = 4; lastKnownFileType = sourcecode.swift; path = Version.swift; sourceTree = "<group>"; };
		B3EC55AB28BE5F3B003596E5 /* tkey_ios (iOS)-Bridging-Header.h */ = {isa = PBXFileReference; lastKnownFileType = sourcecode.c.h; path = "tkey_ios (iOS)-Bridging-Header.h"; sourceTree = "<group>"; };
		B3EC55AC28BE5F3B003596E5 /* tkey_ios (macOS)-Bridging-Header.h */ = {isa = PBXFileReference; lastKnownFileType = sourcecode.c.h; path = "tkey_ios (macOS)-Bridging-Header.h"; sourceTree = "<group>"; };
		B3EC55AD28BE5F3B003596E5 /* Tests iOS-Bridging-Header.h */ = {isa = PBXFileReference; lastKnownFileType = sourcecode.c.h; path = "Tests iOS-Bridging-Header.h"; sourceTree = "<group>"; };
		B3EC55AE28BE5F3B003596E5 /* Tests macOS-Bridging-Header.h */ = {isa = PBXFileReference; lastKnownFileType = sourcecode.c.h; path = "Tests macOS-Bridging-Header.h"; sourceTree = "<group>"; };
		B3F0175529085FF3005F577B /* ShareStore.swift */ = {isa = PBXFileReference; lastKnownFileType = sourcecode.swift; path = ShareStore.swift; sourceTree = "<group>"; };
		B3F017582908600F005F577B /* ServiceProvider.swift */ = {isa = PBXFileReference; lastKnownFileType = sourcecode.swift; path = ServiceProvider.swift; sourceTree = "<group>"; };
		B3F0175B2908602F005F577B /* StorageLayer.swift */ = {isa = PBXFileReference; lastKnownFileType = sourcecode.swift; path = StorageLayer.swift; sourceTree = "<group>"; };
		B3F0175E29086053005F577B /* ThresholdKey.swift */ = {isa = PBXFileReference; lastKnownFileType = sourcecode.swift; path = ThresholdKey.swift; sourceTree = "<group>"; };
		B3F017612908606B005F577B /* KeyDetails.swift */ = {isa = PBXFileReference; lastKnownFileType = sourcecode.swift; path = KeyDetails.swift; sourceTree = "<group>"; };
		B3F0176429086079005F577B /* KeyReconstructionDetails.swift */ = {isa = PBXFileReference; lastKnownFileType = sourcecode.swift; path = KeyReconstructionDetails.swift; sourceTree = "<group>"; };
		B3F0176729086392005F577B /* RuntimeError.swift */ = {isa = PBXFileReference; lastKnownFileType = sourcecode.swift; path = RuntimeError.swift; sourceTree = "<group>"; };
		DD5FE15E292DE94C00DC016F /* native-lib */ = {isa = PBXFileReference; lastKnownFileType = folder; path = "native-lib"; sourceTree = "<group>"; };
		F012ACBC29481E0B0037463E /* KeyChain.swift */ = {isa = PBXFileReference; lastKnownFileType = sourcecode.swift; path = KeyChain.swift; sourceTree = "<group>"; };
		F012ACC02949D3710037463E /* Tests_ThresholdKey_General.swift */ = {isa = PBXFileReference; lastKnownFileType = sourcecode.swift; path = Tests_ThresholdKey_General.swift; sourceTree = "<group>"; };
		F0C8173F296410E900F970EC /* Tests_ShareTransferModule.swift */ = {isa = PBXFileReference; lastKnownFileType = sourcecode.swift; path = Tests_ShareTransferModule.swift; sourceTree = "<group>"; };
		F0C81741296419C000F970EC /* Tests_SecurityQuestionModule.swift */ = {isa = PBXFileReference; lastKnownFileType = sourcecode.swift; path = Tests_SecurityQuestionModule.swift; sourceTree = "<group>"; };
		F0C81743296419F800F970EC /* Tests_PrivateKeyModule.swift */ = {isa = PBXFileReference; lastKnownFileType = sourcecode.swift; path = Tests_PrivateKeyModule.swift; sourceTree = "<group>"; };
		F0C8174529641A0700F970EC /* Tests_SeedPhraseModule.swift */ = {isa = PBXFileReference; lastKnownFileType = sourcecode.swift; path = Tests_SeedPhraseModule.swift; sourceTree = "<group>"; };
		F0C8174F29641C1200F970EC /* Tests_Metadata.swift */ = {isa = PBXFileReference; lastKnownFileType = sourcecode.swift; path = Tests_Metadata.swift; sourceTree = "<group>"; };
/* End PBXFileReference section */

/* Begin PBXFrameworksBuildPhase section */
		B30B6B1428BCC8AC00812C1E /* Frameworks */ = {
			isa = PBXFrameworksBuildPhase;
			buildActionMask = 2147483647;
			files = (
				B30147F5294827AA002E0FD1 /* libtkey.xcframework in Frameworks */,
			);
			runOnlyForDeploymentPostprocessing = 0;
		};
		B30B6B1A28BCC8AC00812C1E /* Frameworks */ = {
			isa = PBXFrameworksBuildPhase;
			buildActionMask = 2147483647;
			files = (
				B30147F6294827B9002E0FD1 /* libtkey.xcframework in Frameworks */,
			);
			runOnlyForDeploymentPostprocessing = 0;
		};
		B30B6B2128BCC8AC00812C1E /* Frameworks */ = {
			isa = PBXFrameworksBuildPhase;
			buildActionMask = 2147483647;
			files = (
				B30147F7294827C0002E0FD1 /* libtkey.xcframework in Frameworks */,
			);
			runOnlyForDeploymentPostprocessing = 0;
		};
		B30B6B2D28BCC8AC00812C1E /* Frameworks */ = {
			isa = PBXFrameworksBuildPhase;
			buildActionMask = 2147483647;
			files = (
				B30147F8294827C7002E0FD1 /* libtkey.xcframework in Frameworks */,
			);
			runOnlyForDeploymentPostprocessing = 0;
		};
/* End PBXFrameworksBuildPhase section */

/* Begin PBXGroup section */
		B30B6B0A28BCC8A900812C1E = {
			isa = PBXGroup;
			children = (
				F0C817542964216D00F970EC /* App */,
				DD5FE15E292DE94C00DC016F /* native-lib */,
				B30B6B0F28BCC8A900812C1E /* Shared */,
				B30B6B1E28BCC8AC00812C1E /* macOS */,
				B30B6B2728BCC8AC00812C1E /* Tests iOS */,
				B30B6B3328BCC8AC00812C1E /* Tests macOS */,
				B30B6B1828BCC8AC00812C1E /* Products */,
				B3EC55B528BE6410003596E5 /* Frameworks */,
			);
			sourceTree = "<group>";
		};
		B30B6B0F28BCC8A900812C1E /* Shared */ = {
			isa = PBXGroup;
			children = (
				F0C81752296420D500F970EC /* Common */,
				F0C817512964205000F970EC /* Modules */,
				B30B6B1228BCC8AC00812C1E /* Assets.xcassets */,
				B3EC55AB28BE5F3B003596E5 /* tkey_ios (iOS)-Bridging-Header.h */,
				B3EC55AC28BE5F3B003596E5 /* tkey_ios (macOS)-Bridging-Header.h */,
				B3EC55AD28BE5F3B003596E5 /* Tests iOS-Bridging-Header.h */,
				B3EC55AE28BE5F3B003596E5 /* Tests macOS-Bridging-Header.h */,
				F012ACBC29481E0B0037463E /* KeyChain.swift */,
				B327F594293F411800BDB20A /* Metadata.swift */,
				B3F0176729086392005F577B /* RuntimeError.swift */,
				B3F017582908600F005F577B /* ServiceProvider.swift */,
				B3F0175B2908602F005F577B /* StorageLayer.swift */,
				B3F0175E29086053005F577B /* ThresholdKey.swift */,
				B3878A23292F456300902894 /* Version.swift */,
			);
			path = Shared;
			sourceTree = "<group>";
		};
		B30B6B1828BCC8AC00812C1E /* Products */ = {
			isa = PBXGroup;
			children = (
				B30B6B1728BCC8AC00812C1E /* tkey_ios.app */,
				B30B6B1D28BCC8AC00812C1E /* tkey_ios.app */,
				B30B6B2428BCC8AC00812C1E /* Tests iOS.xctest */,
				B30B6B3028BCC8AC00812C1E /* Tests macOS.xctest */,
			);
			name = Products;
			sourceTree = "<group>";
		};
		B30B6B1E28BCC8AC00812C1E /* macOS */ = {
			isa = PBXGroup;
			children = (
				B30B6B1F28BCC8AC00812C1E /* macOS.entitlements */,
			);
			path = macOS;
			sourceTree = "<group>";
		};
		B30B6B2728BCC8AC00812C1E /* Tests iOS */ = {
			isa = PBXGroup;
			children = (
				F0C8173C2964109900F970EC /* Tests_Modules */,
				B30B6B2828BCC8AC00812C1E /* Tests_iOS.swift */,
				F012ACC02949D3710037463E /* Tests_ThresholdKey_General.swift */,
				B30B6B2A28BCC8AC00812C1E /* Tests_iOSLaunchTests.swift */,
				F0C8174F29641C1200F970EC /* Tests_Metadata.swift */,
			);
			path = "Tests iOS";
			sourceTree = "<group>";
		};
		B30B6B3328BCC8AC00812C1E /* Tests macOS */ = {
			isa = PBXGroup;
			children = (
				B30B6B3428BCC8AC00812C1E /* Tests_macOS.swift */,
				B30B6B3628BCC8AC00812C1E /* Tests_macOSLaunchTests.swift */,
			);
			path = "Tests macOS";
			sourceTree = "<group>";
		};
		B3EC55B528BE6410003596E5 /* Frameworks */ = {
			isa = PBXGroup;
			children = (
				B30147F4294827AA002E0FD1 /* libtkey.xcframework */,
			);
			name = Frameworks;
			sourceTree = "<group>";
		};
		F0C8173C2964109900F970EC /* Tests_Modules */ = {
			isa = PBXGroup;
			children = (
				F0C8173F296410E900F970EC /* Tests_ShareTransferModule.swift */,
				F0C81741296419C000F970EC /* Tests_SecurityQuestionModule.swift */,
				F0C81743296419F800F970EC /* Tests_PrivateKeyModule.swift */,
				F0C8174529641A0700F970EC /* Tests_SeedPhraseModule.swift */,
			);
			path = Tests_Modules;
			sourceTree = "<group>";
		};
		F0C817512964205000F970EC /* Modules */ = {
			isa = PBXGroup;
			children = (
				B3878A17292837DB00902894 /* PrivateKeysModule.swift */,
				B3878A0B2922696D00902894 /* SecurityQuestionModule.swift */,
				B3878A1F292955F800902894 /* SeedPhraseModule.swift */,
				B3878A0F29226E1600902894 /* ShareTransferModule.swift */,
			);
			path = Modules;
			sourceTree = "<group>";
		};
		F0C81752296420D500F970EC /* Common */ = {
			isa = PBXGroup;
			children = (
				B3878A07292266D100902894 /* GenerateShareStoreResult.swift */,
				B3F017612908606B005F577B /* KeyDetails.swift */,
				B306A81A2911174400B3C8E6 /* KeyPoint.swift */,
				B3F0176429086079005F577B /* KeyReconstructionDetails.swift */,
				B306A81829110FD100B3C8E6 /* PrivateKey.swift */,
				B3F0175529085FF3005F577B /* ShareStore.swift */,
				B3878A032922666300902894 /* ShareStoreMap.swift */,
				B30147F929487CF5002E0FD1 /* ShareStorePolyIdIndexMap.swift */,
				B3878A13292277B200902894 /* ShareTransferStore.swift */,
			);
			path = Common;
			sourceTree = "<group>";
		};
		F0C817542964216D00F970EC /* App */ = {
			isa = PBXGroup;
			children = (
				B30B6B1028BCC8A900812C1E /* tkey_iosApp.swift */,
				B30B6B1128BCC8A900812C1E /* ContentView.swift */,
			);
			path = App;
			sourceTree = "<group>";
		};
/* End PBXGroup section */

/* Begin PBXNativeTarget section */
		B30B6B1628BCC8AC00812C1E /* tkey_ios (iOS) */ = {
			isa = PBXNativeTarget;
			buildConfigurationList = B30B6B4028BCC8AC00812C1E /* Build configuration list for PBXNativeTarget "tkey_ios (iOS)" */;
			buildPhases = (
				B30B6B1328BCC8AC00812C1E /* Sources */,
				B30B6B1428BCC8AC00812C1E /* Frameworks */,
				B30B6B1528BCC8AC00812C1E /* Resources */,
			);
			buildRules = (
			);
			dependencies = (
			);
			name = "tkey_ios (iOS)";
			productName = "tkey_ios (iOS)";
			productReference = B30B6B1728BCC8AC00812C1E /* tkey_ios.app */;
			productType = "com.apple.product-type.application";
		};
		B30B6B1C28BCC8AC00812C1E /* tkey_ios (macOS) */ = {
			isa = PBXNativeTarget;
			buildConfigurationList = B30B6B4328BCC8AC00812C1E /* Build configuration list for PBXNativeTarget "tkey_ios (macOS)" */;
			buildPhases = (
				B30B6B1928BCC8AC00812C1E /* Sources */,
				B30B6B1A28BCC8AC00812C1E /* Frameworks */,
				B30B6B1B28BCC8AC00812C1E /* Resources */,
			);
			buildRules = (
			);
			dependencies = (
			);
			name = "tkey_ios (macOS)";
			productName = "tkey_ios (macOS)";
			productReference = B30B6B1D28BCC8AC00812C1E /* tkey_ios.app */;
			productType = "com.apple.product-type.application";
		};
		B30B6B2328BCC8AC00812C1E /* Tests iOS */ = {
			isa = PBXNativeTarget;
			buildConfigurationList = B30B6B4628BCC8AC00812C1E /* Build configuration list for PBXNativeTarget "Tests iOS" */;
			buildPhases = (
				B30B6B2028BCC8AC00812C1E /* Sources */,
				B30B6B2128BCC8AC00812C1E /* Frameworks */,
				B30B6B2228BCC8AC00812C1E /* Resources */,
			);
			buildRules = (
			);
			dependencies = (
				F02F3403292DC5C400DA9939 /* PBXTargetDependency */,
			);
			name = "Tests iOS";
			productName = "Tests iOS";
			productReference = B30B6B2428BCC8AC00812C1E /* Tests iOS.xctest */;
			productType = "com.apple.product-type.bundle.ui-testing";
		};
		B30B6B2F28BCC8AC00812C1E /* Tests macOS */ = {
			isa = PBXNativeTarget;
			buildConfigurationList = B30B6B4928BCC8AC00812C1E /* Build configuration list for PBXNativeTarget "Tests macOS" */;
			buildPhases = (
				B30B6B2C28BCC8AC00812C1E /* Sources */,
				B30B6B2D28BCC8AC00812C1E /* Frameworks */,
				B30B6B2E28BCC8AC00812C1E /* Resources */,
			);
			buildRules = (
			);
			dependencies = (
				B30B6B3228BCC8AC00812C1E /* PBXTargetDependency */,
			);
			name = "Tests macOS";
			productName = "Tests macOS";
			productReference = B30B6B3028BCC8AC00812C1E /* Tests macOS.xctest */;
			productType = "com.apple.product-type.bundle.ui-testing";
		};
/* End PBXNativeTarget section */

/* Begin PBXProject section */
		B30B6B0B28BCC8A900812C1E /* Project object */ = {
			isa = PBXProject;
			attributes = {
				BuildIndependentTargetsInParallel = 1;
				LastSwiftUpdateCheck = 1340;
				LastUpgradeCheck = 1400;
				TargetAttributes = {
					B30B6B1628BCC8AC00812C1E = {
						CreatedOnToolsVersion = 13.4.1;
						LastSwiftMigration = 1340;
					};
					B30B6B1C28BCC8AC00812C1E = {
						CreatedOnToolsVersion = 13.4.1;
						LastSwiftMigration = 1340;
					};
					B30B6B2328BCC8AC00812C1E = {
						CreatedOnToolsVersion = 13.4.1;
						LastSwiftMigration = 1340;
						TestTargetID = B30B6B1628BCC8AC00812C1E;
					};
					B30B6B2F28BCC8AC00812C1E = {
						CreatedOnToolsVersion = 13.4.1;
						LastSwiftMigration = 1340;
						TestTargetID = B30B6B1C28BCC8AC00812C1E;
					};
				};
			};
			buildConfigurationList = B30B6B0E28BCC8A900812C1E /* Build configuration list for PBXProject "tkey_ios" */;
			compatibilityVersion = "Xcode 13.0";
			developmentRegion = en;
			hasScannedForEncodings = 0;
			knownRegions = (
				en,
				Base,
			);
			mainGroup = B30B6B0A28BCC8A900812C1E;
			productRefGroup = B30B6B1828BCC8AC00812C1E /* Products */;
			projectDirPath = "";
			projectRoot = "";
			targets = (
				B30B6B1628BCC8AC00812C1E /* tkey_ios (iOS) */,
				B30B6B1C28BCC8AC00812C1E /* tkey_ios (macOS) */,
				B30B6B2328BCC8AC00812C1E /* Tests iOS */,
				B30B6B2F28BCC8AC00812C1E /* Tests macOS */,
			);
		};
/* End PBXProject section */

/* Begin PBXResourcesBuildPhase section */
		B30B6B1528BCC8AC00812C1E /* Resources */ = {
			isa = PBXResourcesBuildPhase;
			buildActionMask = 2147483647;
			files = (
				B30B6B3C28BCC8AC00812C1E /* Assets.xcassets in Resources */,
			);
			runOnlyForDeploymentPostprocessing = 0;
		};
		B30B6B1B28BCC8AC00812C1E /* Resources */ = {
			isa = PBXResourcesBuildPhase;
			buildActionMask = 2147483647;
			files = (
				B30B6B3D28BCC8AC00812C1E /* Assets.xcassets in Resources */,
			);
			runOnlyForDeploymentPostprocessing = 0;
		};
		B30B6B2228BCC8AC00812C1E /* Resources */ = {
			isa = PBXResourcesBuildPhase;
			buildActionMask = 2147483647;
			files = (
			);
			runOnlyForDeploymentPostprocessing = 0;
		};
		B30B6B2E28BCC8AC00812C1E /* Resources */ = {
			isa = PBXResourcesBuildPhase;
			buildActionMask = 2147483647;
			files = (
			);
			runOnlyForDeploymentPostprocessing = 0;
		};
/* End PBXResourcesBuildPhase section */

/* Begin PBXSourcesBuildPhase section */
		B30B6B1328BCC8AC00812C1E /* Sources */ = {
			isa = PBXSourcesBuildPhase;
			buildActionMask = 2147483647;
			files = (
				B3878A20292955F800902894 /* SeedPhraseModule.swift in Sources */,
				B30B6B3A28BCC8AC00812C1E /* ContentView.swift in Sources */,
				B3F017592908600F005F577B /* ServiceProvider.swift in Sources */,
				B3878A1029226E1600902894 /* ShareTransferModule.swift in Sources */,
				B3F017622908606B005F577B /* KeyDetails.swift in Sources */,
				B3F0176829086392005F577B /* RuntimeError.swift in Sources */,
				B3878A24292F456300902894 /* Version.swift in Sources */,
				B30147FA29487CF5002E0FD1 /* ShareStorePolyIdIndexMap.swift in Sources */,
				B327F595293F411800BDB20A /* Metadata.swift in Sources */,
				B3878A18292837DB00902894 /* PrivateKeysModule.swift in Sources */,
				B3878A042922666300902894 /* ShareStoreMap.swift in Sources */,
				B3878A0C2922696D00902894 /* SecurityQuestionModule.swift in Sources */,
				F012ACBD29481E0B0037463E /* KeyChain.swift in Sources */,
				B3F0176529086079005F577B /* KeyReconstructionDetails.swift in Sources */,
				B3878A14292277B200902894 /* ShareTransferStore.swift in Sources */,
				B3F0175C2908602F005F577B /* StorageLayer.swift in Sources */,
				B3878A08292266D100902894 /* GenerateShareStoreResult.swift in Sources */,
				B30B6B3828BCC8AC00812C1E /* tkey_iosApp.swift in Sources */,
				B306A81B2911174400B3C8E6 /* KeyPoint.swift in Sources */,
				B3F0175629085FF3005F577B /* ShareStore.swift in Sources */,
				B3F0175F29086053005F577B /* ThresholdKey.swift in Sources */,
				B306A81929110FD100B3C8E6 /* PrivateKey.swift in Sources */,
			);
			runOnlyForDeploymentPostprocessing = 0;
		};
		B30B6B1928BCC8AC00812C1E /* Sources */ = {
			isa = PBXSourcesBuildPhase;
			buildActionMask = 2147483647;
			files = (
				B30B6B3B28BCC8AC00812C1E /* ContentView.swift in Sources */,
				B30B6B3928BCC8AC00812C1E /* tkey_iosApp.swift in Sources */,
			);
			runOnlyForDeploymentPostprocessing = 0;
		};
		B30B6B2028BCC8AC00812C1E /* Sources */ = {
			isa = PBXSourcesBuildPhase;
			buildActionMask = 2147483647;
			files = (
				F02C197D2934AFA800717AB4 /* PrivateKey.swift in Sources */,
				B30B6B2B28BCC8AC00812C1E /* Tests_iOSLaunchTests.swift in Sources */,
				F0C8175029641C1200F970EC /* Tests_Metadata.swift in Sources */,
				B3F0175A2908600F005F577B /* ServiceProvider.swift in Sources */,
				B3F017632908606B005F577B /* KeyDetails.swift in Sources */,
				B3878A15292277B200902894 /* ShareTransferStore.swift in Sources */,
				B3F0176929086392005F577B /* RuntimeError.swift in Sources */,
				F0C81740296410E900F970EC /* Tests_ShareTransferModule.swift in Sources */,
				B3F0176629086079005F577B /* KeyReconstructionDetails.swift in Sources */,
				B30147FB29487CF5002E0FD1 /* ShareStorePolyIdIndexMap.swift in Sources */,
				B327F596293F411800BDB20A /* Metadata.swift in Sources */,
				B3F0175D2908602F005F577B /* StorageLayer.swift in Sources */,
				B3878A21292955F800902894 /* SeedPhraseModule.swift in Sources */,
				B306A81C2911174400B3C8E6 /* KeyPoint.swift in Sources */,
				F0C81744296419F800F970EC /* Tests_PrivateKeyModule.swift in Sources */,
				F012ACBE29481E0B0037463E /* KeyChain.swift in Sources */,
				F0C81742296419C000F970EC /* Tests_SecurityQuestionModule.swift in Sources */,
				F012ACC12949D3710037463E /* Tests_ThresholdKey_General.swift in Sources */,
				B3878A052922666300902894 /* ShareStoreMap.swift in Sources */,
				B30B6B2928BCC8AC00812C1E /* Tests_iOS.swift in Sources */,
				B3F0175729085FF3005F577B /* ShareStore.swift in Sources */,
				B3878A1129226E1600902894 /* ShareTransferModule.swift in Sources */,
				B3878A25292F456300902894 /* Version.swift in Sources */,
				B3878A19292837DB00902894 /* PrivateKeysModule.swift in Sources */,
				B3F0176029086053005F577B /* ThresholdKey.swift in Sources */,
				B3878A09292266D100902894 /* GenerateShareStoreResult.swift in Sources */,
				F0C8174629641A0700F970EC /* Tests_SeedPhraseModule.swift in Sources */,
				B3878A0D2922696D00902894 /* SecurityQuestionModule.swift in Sources */,
			);
			runOnlyForDeploymentPostprocessing = 0;
		};
		B30B6B2C28BCC8AC00812C1E /* Sources */ = {
			isa = PBXSourcesBuildPhase;
			buildActionMask = 2147483647;
			files = (
				B30147FC29487CF5002E0FD1 /* ShareStorePolyIdIndexMap.swift in Sources */,
				B3A2ABC9290B8D320009C688 /* ShareStore.swift in Sources */,
				B3A2ABCA290B8D320009C688 /* ServiceProvider.swift in Sources */,
				B327F597293F411800BDB20A /* Metadata.swift in Sources */,
				B3A2ABCB290B8D320009C688 /* StorageLayer.swift in Sources */,
				F012ACBF29481E0B0037463E /* KeyChain.swift in Sources */,
				B3878A16292277B200902894 /* ShareTransferStore.swift in Sources */,
				F0C81753296420DF00F970EC /* PrivateKey.swift in Sources */,
				B3A2ABCC290B8D320009C688 /* ThresholdKey.swift in Sources */,
				B3A2ABCD290B8D320009C688 /* KeyDetails.swift in Sources */,
				B3A2ABCE290B8D320009C688 /* KeyReconstructionDetails.swift in Sources */,
				B3878A22292955F800902894 /* SeedPhraseModule.swift in Sources */,
				B306A81D2911174400B3C8E6 /* KeyPoint.swift in Sources */,
				B3878A062922666300902894 /* ShareStoreMap.swift in Sources */,
				B3A2ABCF290B8D320009C688 /* RuntimeError.swift in Sources */,
				B30B6B3728BCC8AC00812C1E /* Tests_macOSLaunchTests.swift in Sources */,
				B3878A1229226E1600902894 /* ShareTransferModule.swift in Sources */,
				B3878A26292F456300902894 /* Version.swift in Sources */,
				B3878A1A292837DB00902894 /* PrivateKeysModule.swift in Sources */,
				B30B6B3528BCC8AC00812C1E /* Tests_macOS.swift in Sources */,
				B3878A0A292266D100902894 /* GenerateShareStoreResult.swift in Sources */,
				B3878A0E2922696D00902894 /* SecurityQuestionModule.swift in Sources */,
			);
			runOnlyForDeploymentPostprocessing = 0;
		};
/* End PBXSourcesBuildPhase section */

/* Begin PBXTargetDependency section */
		B30B6B3228BCC8AC00812C1E /* PBXTargetDependency */ = {
			isa = PBXTargetDependency;
			target = B30B6B1C28BCC8AC00812C1E /* tkey_ios (macOS) */;
			targetProxy = B30B6B3128BCC8AC00812C1E /* PBXContainerItemProxy */;
		};
		F02F3403292DC5C400DA9939 /* PBXTargetDependency */ = {
			isa = PBXTargetDependency;
			target = B30B6B1628BCC8AC00812C1E /* tkey_ios (iOS) */;
			targetProxy = F02F3402292DC5C400DA9939 /* PBXContainerItemProxy */;
		};
/* End PBXTargetDependency section */

/* Begin XCBuildConfiguration section */
		B30B6B3E28BCC8AC00812C1E /* Debug */ = {
			isa = XCBuildConfiguration;
			buildSettings = {
				ALWAYS_SEARCH_USER_PATHS = NO;
				CLANG_ANALYZER_NONNULL = YES;
				CLANG_ANALYZER_NUMBER_OBJECT_CONVERSION = YES_AGGRESSIVE;
				CLANG_CXX_LANGUAGE_STANDARD = "gnu++17";
				CLANG_ENABLE_MODULES = YES;
				CLANG_ENABLE_OBJC_ARC = YES;
				CLANG_ENABLE_OBJC_WEAK = YES;
				CLANG_WARN_BLOCK_CAPTURE_AUTORELEASING = YES;
				CLANG_WARN_BOOL_CONVERSION = YES;
				CLANG_WARN_COMMA = YES;
				CLANG_WARN_CONSTANT_CONVERSION = YES;
				CLANG_WARN_DEPRECATED_OBJC_IMPLEMENTATIONS = YES;
				CLANG_WARN_DIRECT_OBJC_ISA_USAGE = YES_ERROR;
				CLANG_WARN_DOCUMENTATION_COMMENTS = YES;
				CLANG_WARN_EMPTY_BODY = YES;
				CLANG_WARN_ENUM_CONVERSION = YES;
				CLANG_WARN_INFINITE_RECURSION = YES;
				CLANG_WARN_INT_CONVERSION = YES;
				CLANG_WARN_NON_LITERAL_NULL_CONVERSION = YES;
				CLANG_WARN_OBJC_IMPLICIT_RETAIN_SELF = YES;
				CLANG_WARN_OBJC_LITERAL_CONVERSION = YES;
				CLANG_WARN_OBJC_ROOT_CLASS = YES_ERROR;
				CLANG_WARN_QUOTED_INCLUDE_IN_FRAMEWORK_HEADER = YES;
				CLANG_WARN_RANGE_LOOP_ANALYSIS = YES;
				CLANG_WARN_STRICT_PROTOTYPES = YES;
				CLANG_WARN_SUSPICIOUS_MOVE = YES;
				CLANG_WARN_UNGUARDED_AVAILABILITY = YES_AGGRESSIVE;
				CLANG_WARN_UNREACHABLE_CODE = YES;
				CLANG_WARN__DUPLICATE_METHOD_MATCH = YES;
				COPY_PHASE_STRIP = NO;
				DEAD_CODE_STRIPPING = YES;
				DEBUG_INFORMATION_FORMAT = dwarf;
				ENABLE_STRICT_OBJC_MSGSEND = YES;
				ENABLE_TESTABILITY = YES;
				GCC_C_LANGUAGE_STANDARD = gnu11;
				GCC_DYNAMIC_NO_PIC = NO;
				GCC_NO_COMMON_BLOCKS = YES;
				GCC_OPTIMIZATION_LEVEL = 0;
				GCC_PREPROCESSOR_DEFINITIONS = (
					"DEBUG=1",
					"$(inherited)",
				);
				GCC_WARN_64_TO_32_BIT_CONVERSION = YES;
				GCC_WARN_ABOUT_RETURN_TYPE = YES_ERROR;
				GCC_WARN_UNDECLARED_SELECTOR = YES;
				GCC_WARN_UNINITIALIZED_AUTOS = YES_AGGRESSIVE;
				GCC_WARN_UNUSED_FUNCTION = YES;
				GCC_WARN_UNUSED_VARIABLE = YES;
				IPHONEOS_DEPLOYMENT_TARGET = 15.2;
				MTL_ENABLE_DEBUG_INFO = INCLUDE_SOURCE;
				MTL_FAST_MATH = YES;
				ONLY_ACTIVE_ARCH = YES;
				SWIFT_ACTIVE_COMPILATION_CONDITIONS = DEBUG;
				SWIFT_OPTIMIZATION_LEVEL = "-Onone";
			};
			name = Debug;
		};
		B30B6B3F28BCC8AC00812C1E /* Release */ = {
			isa = XCBuildConfiguration;
			buildSettings = {
				ALWAYS_SEARCH_USER_PATHS = NO;
				CLANG_ANALYZER_NONNULL = YES;
				CLANG_ANALYZER_NUMBER_OBJECT_CONVERSION = YES_AGGRESSIVE;
				CLANG_CXX_LANGUAGE_STANDARD = "gnu++17";
				CLANG_ENABLE_MODULES = YES;
				CLANG_ENABLE_OBJC_ARC = YES;
				CLANG_ENABLE_OBJC_WEAK = YES;
				CLANG_WARN_BLOCK_CAPTURE_AUTORELEASING = YES;
				CLANG_WARN_BOOL_CONVERSION = YES;
				CLANG_WARN_COMMA = YES;
				CLANG_WARN_CONSTANT_CONVERSION = YES;
				CLANG_WARN_DEPRECATED_OBJC_IMPLEMENTATIONS = YES;
				CLANG_WARN_DIRECT_OBJC_ISA_USAGE = YES_ERROR;
				CLANG_WARN_DOCUMENTATION_COMMENTS = YES;
				CLANG_WARN_EMPTY_BODY = YES;
				CLANG_WARN_ENUM_CONVERSION = YES;
				CLANG_WARN_INFINITE_RECURSION = YES;
				CLANG_WARN_INT_CONVERSION = YES;
				CLANG_WARN_NON_LITERAL_NULL_CONVERSION = YES;
				CLANG_WARN_OBJC_IMPLICIT_RETAIN_SELF = YES;
				CLANG_WARN_OBJC_LITERAL_CONVERSION = YES;
				CLANG_WARN_OBJC_ROOT_CLASS = YES_ERROR;
				CLANG_WARN_QUOTED_INCLUDE_IN_FRAMEWORK_HEADER = YES;
				CLANG_WARN_RANGE_LOOP_ANALYSIS = YES;
				CLANG_WARN_STRICT_PROTOTYPES = YES;
				CLANG_WARN_SUSPICIOUS_MOVE = YES;
				CLANG_WARN_UNGUARDED_AVAILABILITY = YES_AGGRESSIVE;
				CLANG_WARN_UNREACHABLE_CODE = YES;
				CLANG_WARN__DUPLICATE_METHOD_MATCH = YES;
				COPY_PHASE_STRIP = NO;
				DEAD_CODE_STRIPPING = YES;
				DEBUG_INFORMATION_FORMAT = "dwarf-with-dsym";
				ENABLE_NS_ASSERTIONS = NO;
				ENABLE_STRICT_OBJC_MSGSEND = YES;
				GCC_C_LANGUAGE_STANDARD = gnu11;
				GCC_NO_COMMON_BLOCKS = YES;
				GCC_WARN_64_TO_32_BIT_CONVERSION = YES;
				GCC_WARN_ABOUT_RETURN_TYPE = YES_ERROR;
				GCC_WARN_UNDECLARED_SELECTOR = YES;
				GCC_WARN_UNINITIALIZED_AUTOS = YES_AGGRESSIVE;
				GCC_WARN_UNUSED_FUNCTION = YES;
				GCC_WARN_UNUSED_VARIABLE = YES;
				IPHONEOS_DEPLOYMENT_TARGET = 15.2;
				MTL_ENABLE_DEBUG_INFO = NO;
				MTL_FAST_MATH = YES;
				SWIFT_COMPILATION_MODE = wholemodule;
				SWIFT_OPTIMIZATION_LEVEL = "-O";
			};
			name = Release;
		};
		B30B6B4128BCC8AC00812C1E /* Debug */ = {
			isa = XCBuildConfiguration;
			buildSettings = {
				ASSETCATALOG_COMPILER_APPICON_NAME = AppIcon;
				ASSETCATALOG_COMPILER_GLOBAL_ACCENT_COLOR_NAME = AccentColor;
				CLANG_ENABLE_MODULES = YES;
				CODE_SIGN_STYLE = Automatic;
				CURRENT_PROJECT_VERSION = 1;
				DEVELOPMENT_TEAM = 2Q63NCPY55;
				ENABLE_PREVIEWS = YES;
				EXCLUDED_ARCHS = "";
				GENERATE_INFOPLIST_FILE = YES;
				INFOPLIST_KEY_UIApplicationSceneManifest_Generation = YES;
				INFOPLIST_KEY_UIApplicationSupportsIndirectInputEvents = YES;
				INFOPLIST_KEY_UILaunchScreen_Generation = YES;
				INFOPLIST_KEY_UISupportedInterfaceOrientations_iPad = "UIInterfaceOrientationPortrait UIInterfaceOrientationPortraitUpsideDown UIInterfaceOrientationLandscapeLeft UIInterfaceOrientationLandscapeRight";
				INFOPLIST_KEY_UISupportedInterfaceOrientations_iPhone = "UIInterfaceOrientationPortrait UIInterfaceOrientationLandscapeLeft UIInterfaceOrientationLandscapeRight";
				IPHONEOS_DEPLOYMENT_TARGET = 15.2;
				LD_RUNPATH_SEARCH_PATHS = (
					"$(inherited)",
					"@executable_path/Frameworks",
				);
				LIBRARY_SEARCH_PATHS = (
					"$(inherited)",
					"$(PROJECT_DIR)/native-lib",
					"$(PROJECT_DIR)",
				);
				MARKETING_VERSION = 1.0;
				PRODUCT_BUNDLE_IDENTIFIER = "web3auth.tkey-ios";
				PRODUCT_NAME = tkey_ios;
				SDKROOT = iphoneos;
				SWIFT_EMIT_LOC_STRINGS = YES;
				SWIFT_OBJC_BRIDGING_HEADER = "Shared/tkey_ios (iOS)-Bridging-Header.h";
				SWIFT_OPTIMIZATION_LEVEL = "-Onone";
				SWIFT_VERSION = 5.0;
				TARGETED_DEVICE_FAMILY = "1,2";
				TVOS_DEPLOYMENT_TARGET = 15.0;
			};
			name = Debug;
		};
		B30B6B4228BCC8AC00812C1E /* Release */ = {
			isa = XCBuildConfiguration;
			buildSettings = {
				ASSETCATALOG_COMPILER_APPICON_NAME = AppIcon;
				ASSETCATALOG_COMPILER_GLOBAL_ACCENT_COLOR_NAME = AccentColor;
				CLANG_ENABLE_MODULES = YES;
				CODE_SIGN_STYLE = Automatic;
				CURRENT_PROJECT_VERSION = 1;
				DEVELOPMENT_TEAM = 2Q63NCPY55;
				ENABLE_PREVIEWS = YES;
				GENERATE_INFOPLIST_FILE = YES;
				INFOPLIST_KEY_UIApplicationSceneManifest_Generation = YES;
				INFOPLIST_KEY_UIApplicationSupportsIndirectInputEvents = YES;
				INFOPLIST_KEY_UILaunchScreen_Generation = YES;
				INFOPLIST_KEY_UISupportedInterfaceOrientations_iPad = "UIInterfaceOrientationPortrait UIInterfaceOrientationPortraitUpsideDown UIInterfaceOrientationLandscapeLeft UIInterfaceOrientationLandscapeRight";
				INFOPLIST_KEY_UISupportedInterfaceOrientations_iPhone = "UIInterfaceOrientationPortrait UIInterfaceOrientationLandscapeLeft UIInterfaceOrientationLandscapeRight";
				IPHONEOS_DEPLOYMENT_TARGET = 15.2;
				LD_RUNPATH_SEARCH_PATHS = (
					"$(inherited)",
					"@executable_path/Frameworks",
				);
				LIBRARY_SEARCH_PATHS = (
					"$(inherited)",
					"$(PROJECT_DIR)/native-lib",
					"$(PROJECT_DIR)",
				);
				MARKETING_VERSION = 1.0;
				ONLY_ACTIVE_ARCH = YES;
				PRODUCT_BUNDLE_IDENTIFIER = "web3auth.tkey-ios";
				PRODUCT_NAME = tkey_ios;
				SDKROOT = iphoneos;
				SWIFT_EMIT_LOC_STRINGS = YES;
				SWIFT_OBJC_BRIDGING_HEADER = "Shared/tkey_ios (iOS)-Bridging-Header.h";
				SWIFT_OPTIMIZATION_LEVEL = "-O";
				SWIFT_VERSION = 5.0;
				TARGETED_DEVICE_FAMILY = "1,2";
				TVOS_DEPLOYMENT_TARGET = 15.0;
				VALIDATE_PRODUCT = YES;
			};
			name = Release;
		};
		B30B6B4428BCC8AC00812C1E /* Debug */ = {
			isa = XCBuildConfiguration;
			buildSettings = {
				ASSETCATALOG_COMPILER_APPICON_NAME = AppIcon;
				ASSETCATALOG_COMPILER_GLOBAL_ACCENT_COLOR_NAME = AccentColor;
				CLANG_ENABLE_MODULES = YES;
				CODE_SIGN_ENTITLEMENTS = macOS/macOS.entitlements;
				CODE_SIGN_IDENTITY = "-";
				CODE_SIGN_STYLE = Automatic;
				COMBINE_HIDPI_IMAGES = YES;
				CURRENT_PROJECT_VERSION = 1;
				DEAD_CODE_STRIPPING = YES;
				DEVELOPMENT_TEAM = H5XG68FB7M;
				ENABLE_PREVIEWS = YES;
				GENERATE_INFOPLIST_FILE = YES;
				INFOPLIST_KEY_NSHumanReadableCopyright = "";
				LD_RUNPATH_SEARCH_PATHS = (
					"$(inherited)",
					"@executable_path/../Frameworks",
				);
				LIBRARY_SEARCH_PATHS = (
					"$(inherited)",
					"$(PROJECT_DIR)/native-lib",
				);
				MACOSX_DEPLOYMENT_TARGET = 12.3;
				MARKETING_VERSION = 1.0;
				ONLY_ACTIVE_ARCH = YES;
				PRODUCT_BUNDLE_IDENTIFIER = "web3auth.tkey-ios";
				PRODUCT_NAME = tkey_ios;
				SDKROOT = macosx;
				SWIFT_EMIT_LOC_STRINGS = YES;
				SWIFT_OBJC_BRIDGING_HEADER = "Shared/tkey_ios (macOS)-Bridging-Header.h";
				SWIFT_OPTIMIZATION_LEVEL = "-Onone";
				SWIFT_VERSION = 5.0;
			};
			name = Debug;
		};
		B30B6B4528BCC8AC00812C1E /* Release */ = {
			isa = XCBuildConfiguration;
			buildSettings = {
				ASSETCATALOG_COMPILER_APPICON_NAME = AppIcon;
				ASSETCATALOG_COMPILER_GLOBAL_ACCENT_COLOR_NAME = AccentColor;
				CLANG_ENABLE_MODULES = YES;
				CODE_SIGN_ENTITLEMENTS = macOS/macOS.entitlements;
				CODE_SIGN_IDENTITY = "-";
				CODE_SIGN_STYLE = Automatic;
				COMBINE_HIDPI_IMAGES = YES;
				CURRENT_PROJECT_VERSION = 1;
				DEAD_CODE_STRIPPING = YES;
				DEVELOPMENT_TEAM = H5XG68FB7M;
				ENABLE_PREVIEWS = YES;
				GENERATE_INFOPLIST_FILE = YES;
				INFOPLIST_KEY_NSHumanReadableCopyright = "";
				LD_RUNPATH_SEARCH_PATHS = (
					"$(inherited)",
					"@executable_path/../Frameworks",
				);
				LIBRARY_SEARCH_PATHS = (
					"$(inherited)",
					"$(PROJECT_DIR)/native-lib",
				);
				MACOSX_DEPLOYMENT_TARGET = 12.3;
				MARKETING_VERSION = 1.0;
				ONLY_ACTIVE_ARCH = YES;
				PRODUCT_BUNDLE_IDENTIFIER = "web3auth.tkey-ios";
				PRODUCT_NAME = tkey_ios;
				SDKROOT = macosx;
				SWIFT_EMIT_LOC_STRINGS = YES;
				SWIFT_OBJC_BRIDGING_HEADER = "Shared/tkey_ios (macOS)-Bridging-Header.h";
				SWIFT_VERSION = 5.0;
			};
			name = Release;
		};
		B30B6B4728BCC8AC00812C1E /* Debug */ = {
			isa = XCBuildConfiguration;
			buildSettings = {
				ALWAYS_EMBED_SWIFT_STANDARD_LIBRARIES = YES;
				CLANG_ENABLE_MODULES = YES;
				"CODE_SIGN_IDENTITY[sdk=macosx*]" = "-";
				CODE_SIGN_STYLE = Automatic;
				CURRENT_PROJECT_VERSION = 1;
				DEVELOPMENT_TEAM = H5XG68FB7M;
				EXCLUDED_ARCHS = "";
				GENERATE_INFOPLIST_FILE = YES;
				IPHONEOS_DEPLOYMENT_TARGET = 15.2;
				LD_RUNPATH_SEARCH_PATHS = (
					"$(inherited)",
					"@executable_path/Frameworks",
					"@loader_path/Frameworks",
				);
				LIBRARY_SEARCH_PATHS = (
					"$(inherited)",
					"$(PROJECT_DIR)/native-lib",
					"$(PROJECT_DIR)",
				);
				MARKETING_VERSION = 1.0;
				ONLY_ACTIVE_ARCH = YES;
				PRODUCT_BUNDLE_IDENTIFIER = "web3auth.Tests-iOS";
				PRODUCT_NAME = "$(TARGET_NAME)";
				SDKROOT = iphoneos;
				SUPPORTED_PLATFORMS = "iphoneos iphonesimulator";
				SUPPORTS_MACCATALYST = NO;
				SUPPORTS_MAC_DESIGNED_FOR_IPHONE_IPAD = NO;
				SWIFT_EMIT_LOC_STRINGS = NO;
				SWIFT_OBJC_BRIDGING_HEADER = "Shared/Tests iOS-Bridging-Header.h";
				SWIFT_OPTIMIZATION_LEVEL = "-Onone";
				SWIFT_VERSION = 5.0;
				TARGETED_DEVICE_FAMILY = "1,2";
				TEST_TARGET_NAME = "tkey_ios (iOS)";
			};
			name = Debug;
		};
		B30B6B4828BCC8AC00812C1E /* Release */ = {
			isa = XCBuildConfiguration;
			buildSettings = {
				ALWAYS_EMBED_SWIFT_STANDARD_LIBRARIES = YES;
				CLANG_ENABLE_MODULES = YES;
				"CODE_SIGN_IDENTITY[sdk=macosx*]" = "-";
				CODE_SIGN_STYLE = Automatic;
				CURRENT_PROJECT_VERSION = 1;
				DEVELOPMENT_TEAM = H5XG68FB7M;
				EXCLUDED_ARCHS = "";
				GENERATE_INFOPLIST_FILE = YES;
				IPHONEOS_DEPLOYMENT_TARGET = 15.2;
				LD_RUNPATH_SEARCH_PATHS = (
					"$(inherited)",
					"@executable_path/Frameworks",
					"@loader_path/Frameworks",
				);
				LIBRARY_SEARCH_PATHS = (
					"$(inherited)",
					"$(PROJECT_DIR)/native-lib",
					"$(PROJECT_DIR)",
				);
				MARKETING_VERSION = 1.0;
				ONLY_ACTIVE_ARCH = YES;
				PRODUCT_BUNDLE_IDENTIFIER = "web3auth.Tests-iOS";
				PRODUCT_NAME = "$(TARGET_NAME)";
				SDKROOT = iphoneos;
				SUPPORTED_PLATFORMS = "iphoneos iphonesimulator";
				SUPPORTS_MACCATALYST = NO;
				SUPPORTS_MAC_DESIGNED_FOR_IPHONE_IPAD = NO;
				SWIFT_EMIT_LOC_STRINGS = NO;
				SWIFT_OBJC_BRIDGING_HEADER = "Shared/Tests iOS-Bridging-Header.h";
				SWIFT_VERSION = 5.0;
				TARGETED_DEVICE_FAMILY = "1,2";
				TEST_TARGET_NAME = "tkey_ios (iOS)";
				VALIDATE_PRODUCT = YES;
			};
			name = Release;
		};
		B30B6B4A28BCC8AC00812C1E /* Debug */ = {
			isa = XCBuildConfiguration;
			buildSettings = {
				ALWAYS_EMBED_SWIFT_STANDARD_LIBRARIES = YES;
				CLANG_ENABLE_MODULES = YES;
				CODE_SIGN_IDENTITY = "-";
				CODE_SIGN_STYLE = Automatic;
				CURRENT_PROJECT_VERSION = 1;
				DEAD_CODE_STRIPPING = YES;
				DEVELOPMENT_TEAM = H5XG68FB7M;
				GENERATE_INFOPLIST_FILE = YES;
				LD_RUNPATH_SEARCH_PATHS = (
					"$(inherited)",
					"@executable_path/../Frameworks",
					"@loader_path/../Frameworks",
				);
				LIBRARY_SEARCH_PATHS = (
					"$(inherited)",
					"$(PROJECT_DIR)/native-lib",
				);
				MACOSX_DEPLOYMENT_TARGET = 12.3;
				MARKETING_VERSION = 1.0;
				ONLY_ACTIVE_ARCH = YES;
				PRODUCT_BUNDLE_IDENTIFIER = "web3auth.Tests-macOS";
				PRODUCT_NAME = "$(TARGET_NAME)";
				SDKROOT = macosx;
				SWIFT_EMIT_LOC_STRINGS = NO;
				SWIFT_OBJC_BRIDGING_HEADER = "Shared/Tests macOS-Bridging-Header.h";
				SWIFT_OPTIMIZATION_LEVEL = "-Onone";
				SWIFT_VERSION = 5.0;
				TEST_TARGET_NAME = "tkey_ios (macOS)";
			};
			name = Debug;
		};
		B30B6B4B28BCC8AC00812C1E /* Release */ = {
			isa = XCBuildConfiguration;
			buildSettings = {
				ALWAYS_EMBED_SWIFT_STANDARD_LIBRARIES = YES;
				CLANG_ENABLE_MODULES = YES;
				CODE_SIGN_IDENTITY = "-";
				CODE_SIGN_STYLE = Automatic;
				CURRENT_PROJECT_VERSION = 1;
				DEAD_CODE_STRIPPING = YES;
				DEVELOPMENT_TEAM = H5XG68FB7M;
				GENERATE_INFOPLIST_FILE = YES;
				LD_RUNPATH_SEARCH_PATHS = (
					"$(inherited)",
					"@executable_path/../Frameworks",
					"@loader_path/../Frameworks",
				);
				LIBRARY_SEARCH_PATHS = (
					"$(inherited)",
					"$(PROJECT_DIR)/native-lib",
				);
				MACOSX_DEPLOYMENT_TARGET = 12.3;
				MARKETING_VERSION = 1.0;
				ONLY_ACTIVE_ARCH = YES;
				PRODUCT_BUNDLE_IDENTIFIER = "web3auth.Tests-macOS";
				PRODUCT_NAME = "$(TARGET_NAME)";
				SDKROOT = macosx;
				SWIFT_EMIT_LOC_STRINGS = NO;
				SWIFT_OBJC_BRIDGING_HEADER = "Shared/Tests macOS-Bridging-Header.h";
				SWIFT_VERSION = 5.0;
				TEST_TARGET_NAME = "tkey_ios (macOS)";
			};
			name = Release;
		};
/* End XCBuildConfiguration section */

/* Begin XCConfigurationList section */
		B30B6B0E28BCC8A900812C1E /* Build configuration list for PBXProject "tkey_ios" */ = {
			isa = XCConfigurationList;
			buildConfigurations = (
				B30B6B3E28BCC8AC00812C1E /* Debug */,
				B30B6B3F28BCC8AC00812C1E /* Release */,
			);
			defaultConfigurationIsVisible = 0;
			defaultConfigurationName = Release;
		};
		B30B6B4028BCC8AC00812C1E /* Build configuration list for PBXNativeTarget "tkey_ios (iOS)" */ = {
			isa = XCConfigurationList;
			buildConfigurations = (
				B30B6B4128BCC8AC00812C1E /* Debug */,
				B30B6B4228BCC8AC00812C1E /* Release */,
			);
			defaultConfigurationIsVisible = 0;
			defaultConfigurationName = Release;
		};
		B30B6B4328BCC8AC00812C1E /* Build configuration list for PBXNativeTarget "tkey_ios (macOS)" */ = {
			isa = XCConfigurationList;
			buildConfigurations = (
				B30B6B4428BCC8AC00812C1E /* Debug */,
				B30B6B4528BCC8AC00812C1E /* Release */,
			);
			defaultConfigurationIsVisible = 0;
			defaultConfigurationName = Release;
		};
		B30B6B4628BCC8AC00812C1E /* Build configuration list for PBXNativeTarget "Tests iOS" */ = {
			isa = XCConfigurationList;
			buildConfigurations = (
				B30B6B4728BCC8AC00812C1E /* Debug */,
				B30B6B4828BCC8AC00812C1E /* Release */,
			);
			defaultConfigurationIsVisible = 0;
			defaultConfigurationName = Release;
		};
		B30B6B4928BCC8AC00812C1E /* Build configuration list for PBXNativeTarget "Tests macOS" */ = {
			isa = XCConfigurationList;
			buildConfigurations = (
				B30B6B4A28BCC8AC00812C1E /* Debug */,
				B30B6B4B28BCC8AC00812C1E /* Release */,
			);
			defaultConfigurationIsVisible = 0;
			defaultConfigurationName = Release;
		};
/* End XCConfigurationList section */
	};
	rootObject = B30B6B0B28BCC8A900812C1E /* Project object */;
}
